
Microsoft Visual Studio Solution File, Format Version 12.00
# Visual Studio Version 17
VisualStudioVersion = 17.5.320.0
MinimumVisualStudioVersion = 10.0.40219.1
Project("{FAE04EC0-301F-11D3-BF4B-00C04F79EFBC}") = "IntegrationTesting", "c:\Users\Matt K\workspace\20260828-integration-testing\Templates\C#\IntegrationTesting\IntegrationTesting.csproj", "{CAC7E370-697D-B3EE-A342-7854DB98DEF8}"
EndProject
Project("{FAE04EC0-301F-11D3-BF4B-00C04F79EFBC}") = "TestProject", "c:\Users\Matt K\workspace\20260828-integration-testing\Templates\C#\IntegrationTesting\TestProject\TestProject.csproj", "{249D1987-1CF5-0D29-1AB7-10A9ECB81959}"
EndProject
Project("{FAE04EC0-301F-11D3-BF4B-00C04F79EFBC}") = "Project", "Project\Project.csproj", "{A108EF46-092B-421C-A246-8938D2A2D918}"
EndProject
Global
	GlobalSection(SolutionConfigurationPlatforms) = preSolution
		Debug|Any CPU = Debug|Any CPU
		Debug|x64 = Debug|x64
		Debug|x86 = Debug|x86
		Release|Any CPU = Release|Any CPU
		Release|x64 = Release|x64
		Release|x86 = Release|x86
	EndGlobalSection
	GlobalSection(ProjectConfigurationPlatforms) = postSolution
		{CAC7E370-697D-B3EE-A342-7854DB98DEF8}.Debug|Any CPU.ActiveCfg = Debug|Any CPU
		{CAC7E370-697D-B3EE-A342-7854DB98DEF8}.Debug|Any CPU.Build.0 = Debug|Any CPU
		{CAC7E370-697D-B3EE-A342-7854DB98DEF8}.Debug|x64.ActiveCfg = Debug|Any CPU
		{CAC7E370-697D-B3EE-A342-7854DB98DEF8}.Debug|x64.Build.0 = Debug|Any CPU
		{CAC7E370-697D-B3EE-A342-7854DB98DEF8}.Debug|x86.ActiveCfg = Debug|Any CPU
		{CAC7E370-697D-B3EE-A342-7854DB98DEF8}.Debug|x86.Build.0 = Debug|Any CPU
		{CAC7E370-697D-B3EE-A342-7854DB98DEF8}.Release|Any CPU.ActiveCfg = Release|Any CPU
		{CAC7E370-697D-B3EE-A342-7854DB98DEF8}.Release|Any CPU.Build.0 = Release|Any CPU
		{CAC7E370-697D-B3EE-A342-7854DB98DEF8}.Release|x64.ActiveCfg = Release|Any CPU
		{CAC7E370-697D-B3EE-A342-7854DB98DEF8}.Release|x64.Build.0 = Release|Any CPU
		{CAC7E370-697D-B3EE-A342-7854DB98DEF8}.Release|x86.ActiveCfg = Release|Any CPU
		{CAC7E370-697D-B3EE-A342-7854DB98DEF8}.Release|x86.Build.0 = Release|Any CPU
		{249D1987-1CF5-0D29-1AB7-10A9ECB81959}.Debug|Any CPU.ActiveCfg = Debug|Any CPU
		{249D1987-1CF5-0D29-1AB7-10A9ECB81959}.Debug|Any CPU.Build.0 = Debug|Any CPU
		{249D1987-1CF5-0D29-1AB7-10A9ECB81959}.Debug|x64.ActiveCfg = Debug|Any CPU
		{249D1987-1CF5-0D29-1AB7-10A9ECB81959}.Debug|x64.Build.0 = Debug|Any CPU
		{249D1987-1CF5-0D29-1AB7-10A9ECB81959}.Debug|x86.ActiveCfg = Debug|Any CPU
		{249D1987-1CF5-0D29-1AB7-10A9ECB81959}.Debug|x86.Build.0 = Debug|Any CPU
		{249D1987-1CF5-0D29-1AB7-10A9ECB81959}.Release|Any CPU.ActiveCfg = Release|Any CPU
		{249D1987-1CF5-0D29-1AB7-10A9ECB81959}.Release|Any CPU.Build.0 = Release|Any CPU
		{249D1987-1CF5-0D29-1AB7-10A9ECB81959}.Release|x64.ActiveCfg = Release|Any CPU
		{249D1987-1CF5-0D29-1AB7-10A9ECB81959}.Release|x64.Build.0 = Release|Any CPU
		{249D1987-1CF5-0D29-1AB7-10A9ECB81959}.Release|x86.ActiveCfg = Release|Any CPU
		{249D1987-1CF5-0D29-1AB7-10A9ECB81959}.Release|x86.Build.0 = Release|Any CPU
		{A108EF46-092B-421C-A246-8938D2A2D918}.Debug|Any CPU.ActiveCfg = Debug|Any CPU
		{A108EF46-092B-421C-A246-8938D2A2D918}.Debug|Any CPU.Build.0 = Debug|Any CPU
		{A108EF46-092B-421C-A246-8938D2A2D918}.Debug|x64.ActiveCfg = Debug|Any CPU
		{A108EF46-092B-421C-A246-8938D2A2D918}.Debug|x64.Build.0 = Debug|Any CPU
		{A108EF46-092B-421C-A246-8938D2A2D918}.Debug|x86.ActiveCfg = Debug|Any CPU
		{A108EF46-092B-421C-A246-8938D2A2D918}.Debug|x86.Build.0 = Debug|Any CPU
		{A108EF46-092B-421C-A246-8938D2A2D918}.Release|Any CPU.ActiveCfg = Release|Any CPU
		{A108EF46-092B-421C-A246-8938D2A2D918}.Release|Any CPU.Build.0 = Release|Any CPU
		{A108EF46-092B-421C-A246-8938D2A2D918}.Release|x64.ActiveCfg = Release|Any CPU
		{A108EF46-092B-421C-A246-8938D2A2D918}.Release|x64.Build.0 = Release|Any CPU
		{A108EF46-092B-421C-A246-8938D2A2D918}.Release|x86.ActiveCfg = Release|Any CPU
		{A108EF46-092B-421C-A246-8938D2A2D918}.Release|x86.Build.0 = Release|Any CPU
	EndGlobalSection
	GlobalSection(SolutionProperties) = preSolution
		HideSolutionNode = FALSE
	EndGlobalSection
	GlobalSection(ExtensibilityGlobals) = postSolution
		SolutionGuid = {298C3939-6AFE-4C7A-92B1-EAE359DC1FDB}
	EndGlobalSection
EndGlobal
